
Microsoft Visual Studio Solution File, Format Version 12.00
# Visual Studio Version 16
VisualStudioVersion = 16.0.29709.97
MinimumVisualStudioVersion = 10.0.40219.1
Project("{9A19103F-16F7-4668-BE54-9A1E7A4F7556}") = "Service", "Service\Service.csproj", "{3899EF7C-6616-4068-BC75-A5344E83F06D}"
EndProject
Project("{FAE04EC0-301F-11D3-BF4B-00C04F79EFBC}") = "APIGatway", "APIGatway\APIGatway.csproj", "{309DF88B-312C-4558-AA49-A0AF7FC2F15A}"
EndProject
Global
	GlobalSection(SolutionConfigurationPlatforms) = preSolution
		Debug|Any CPU = Debug|Any CPU
		Release|Any CPU = Release|Any CPU
	EndGlobalSection
	GlobalSection(ProjectConfigurationPlatforms) = postSolution
		{3899EF7C-6616-4068-BC75-A5344E83F06D}.Debug|Any CPU.ActiveCfg = Debug|Any CPU
		{3899EF7C-6616-4068-BC75-A5344E83F06D}.Debug|Any CPU.Build.0 = Debug|Any CPU
		{3899EF7C-6616-4068-BC75-A5344E83F06D}.Release|Any CPU.ActiveCfg = Release|Any CPU
		{3899EF7C-6616-4068-BC75-A5344E83F06D}.Release|Any CPU.Build.0 = Release|Any CPU
		{309DF88B-312C-4558-AA49-A0AF7FC2F15A}.Debug|Any CPU.ActiveCfg = Debug|Any CPU
		{309DF88B-312C-4558-AA49-A0AF7FC2F15A}.Debug|Any CPU.Build.0 = Debug|Any CPU
		{309DF88B-312C-4558-AA49-A0AF7FC2F15A}.Release|Any CPU.ActiveCfg = Release|Any CPU
		{309DF88B-312C-4558-AA49-A0AF7FC2F15A}.Release|Any CPU.Build.0 = Release|Any CPU
	EndGlobalSection
	GlobalSection(SolutionProperties) = preSolution
		HideSolutionNode = FALSE
	EndGlobalSection
	GlobalSection(ExtensibilityGlobals) = postSolution
		SolutionGuid = {FB2D1026-99E2-457A-83CE-347372E23D17}
	EndGlobalSection
EndGlobal
